
Microsoft Visual Studio Solution File, Format Version 12.00
Project("{2150E333-8FDC-42A3-9474-1A3956D46DE8}") = "src", "src", "{F6600720-FDF9-4E31-BC0C-845E0C4173B2}"
EndProject
Project("{2150E333-8FDC-42A3-9474-1A3956D46DE8}") = "testing", "testing", "{52BF3226-11A7-43E8-9C9B-4272A94F668A}"
EndProject
Project("{FAE04EC0-301F-11D3-BF4B-00C04F79EFBC}") = "Hydrator", "src\Hydrator\Hydrator.csproj", "{4904A7B7-B0FD-45C0-9EA9-539CA8B6BB41}"
EndProject
Project("{FAE04EC0-301F-11D3-BF4B-00C04F79EFBC}") = "HydratorService.Tests", "testing\HydratorService.Tests\HydratorService.Tests.csproj", "{C6089BC4-1CBA-4FC7-B1DA-8C2DD4970891}"
EndProject
Global
	GlobalSection(SolutionConfigurationPlatforms) = preSolution
		Debug|Any CPU = Debug|Any CPU
		Release|Any CPU = Release|Any CPU
	EndGlobalSection
	GlobalSection(ProjectConfigurationPlatforms) = postSolution
		{4904A7B7-B0FD-45C0-9EA9-539CA8B6BB41}.Debug|Any CPU.ActiveCfg = Debug|Any CPU
		{4904A7B7-B0FD-45C0-9EA9-539CA8B6BB41}.Debug|Any CPU.Build.0 = Debug|Any CPU
		{4904A7B7-B0FD-45C0-9EA9-539CA8B6BB41}.Release|Any CPU.ActiveCfg = Release|Any CPU
		{4904A7B7-B0FD-45C0-9EA9-539CA8B6BB41}.Release|Any CPU.Build.0 = Release|Any CPU
		{C6089BC4-1CBA-4FC7-B1DA-8C2DD4970891}.Debug|Any CPU.ActiveCfg = Debug|Any CPU
		{C6089BC4-1CBA-4FC7-B1DA-8C2DD4970891}.Debug|Any CPU.Build.0 = Debug|Any CPU
		{C6089BC4-1CBA-4FC7-B1DA-8C2DD4970891}.Release|Any CPU.ActiveCfg = Release|Any CPU
		{C6089BC4-1CBA-4FC7-B1DA-8C2DD4970891}.Release|Any CPU.Build.0 = Release|Any CPU
	EndGlobalSection
	GlobalSection(NestedProjects) = preSolution
		{4904A7B7-B0FD-45C0-9EA9-539CA8B6BB41} = {F6600720-FDF9-4E31-BC0C-845E0C4173B2}
		{C6089BC4-1CBA-4FC7-B1DA-8C2DD4970891} = {52BF3226-11A7-43E8-9C9B-4272A94F668A}
	EndGlobalSection
EndGlobal
